<?xml version="1.0" encoding="UTF-8" standalone="yes" ?>
<CodeBlocks_project_file>
	<FileVersion major="1" minor="6" />
	<Project>
		<Option title="FIRM-OMPL" />
		<Option pch_mode="2" />
		<Option compiler="gcc" />
		<Build>
			<Target title="Debug">
				<Option output="bin/Debug/FIRM-OMPL" prefix_auto="1" extension_auto="1" />
				<Option object_output="obj/Debug/" />
				<Option type="1" />
				<Option compiler="gcc" />
				<Compiler>
					<Add option="-g" />
					<Add directory="/home/saurav/Research/Softwares/omplapp/ompl/src" />
				</Compiler>
				<Linker>
					<Add library="/home/saurav/Research/Softwares/omplapp/build/Release/lib/_app.so" />
					<Add library="/home/saurav/Research/Softwares/omplapp/build/Release/lib/_base.so" />
					<Add library="/home/saurav/Research/Softwares/omplapp/build/Release/lib/_control.so" />
					<Add library="/home/saurav/Research/Softwares/omplapp/build/Release/lib/_geometric.so" />
					<Add library="/home/saurav/Research/Softwares/omplapp/build/Release/lib/libompl.so" />
					<Add library="/home/saurav/Research/Softwares/omplapp/build/Release/lib/libompl.so.0.12.2" />
					<Add library="/home/saurav/Research/Softwares/omplapp/build/Release/lib/libompl.so.6" />
					<Add library="/home/saurav/Research/Softwares/omplapp/build/Release/lib/libompl_app.so" />
					<Add library="/home/saurav/Research/Softwares/omplapp/build/Release/lib/libompl_app.so.0.12.2" />
					<Add library="/home/saurav/Research/Softwares/omplapp/build/Release/lib/libompl_app.so.6" />
					<Add library="/home/saurav/Research/Softwares/omplapp/build/Release/lib/py_boost_function.so" />
					<Add library="/home/saurav/Research/Softwares/omplapp/build/Release/lib/_rrtstar.so" />
					<Add library="/home/saurav/Research/Softwares/omplapp/build/Release/lib/_tools.so" />
					<Add library="/home/saurav/Research/Softwares/omplapp/build/Release/lib/_util.so" />
					<Add library="/usr/lib/libboost_system.so" />
					<Add library="/usr/lib/libboost_thread.so" />
					<Add library="/usr/lib/libarmadillo.so" />
				</Linker>
			</Target>
			<Target title="Release">
				<Option output="bin/Release/FIRM-OMPL" prefix_auto="1" extension_auto="1" />
				<Option object_output="obj/Release/" />
				<Option type="1" />
				<Option compiler="gcc" />
				<Compiler>
					<Add option="-O2" />
				</Compiler>
				<Linker>
					<Add option="-s" />
				</Linker>
			</Target>
		</Build>
		<Compiler>
			<Add option="-Wall" />
			<Add option="-fexceptions" />
			<Add directory="/home/saurav/Research/Softwares/omplapp/ompl/src" />
		</Compiler>
		<Linker>
			<Add library="/home/saurav/Research/Softwares/omplapp/build/Release/lib/_app.so" />
			<Add library="/home/saurav/Research/Softwares/omplapp/build/Release/lib/_base.so" />
			<Add library="/home/saurav/Research/Softwares/omplapp/build/Release/lib/_control.so" />
			<Add library="/home/saurav/Research/Softwares/omplapp/build/Release/lib/_geometric.so" />
			<Add library="/home/saurav/Research/Softwares/omplapp/build/Release/lib/libompl.so" />
			<Add library="/home/saurav/Research/Softwares/omplapp/build/Release/lib/libompl.so.0.12.2" />
			<Add library="/home/saurav/Research/Softwares/omplapp/build/Release/lib/libompl.so.6" />
			<Add library="/home/saurav/Research/Softwares/omplapp/build/Release/lib/libompl_app.so" />
			<Add library="/home/saurav/Research/Softwares/omplapp/build/Release/lib/libompl_app.so.0.12.2" />
			<Add library="/home/saurav/Research/Softwares/omplapp/build/Release/lib/libompl_app.so.6" />
			<Add library="/home/saurav/Research/Softwares/omplapp/build/Release/lib/py_boost_function.so" />
			<Add library="/home/saurav/Research/Softwares/omplapp/build/Release/lib/_rrtstar.so" />
			<Add library="/home/saurav/Research/Softwares/omplapp/build/Release/lib/_tools.so" />
			<Add library="/home/saurav/Research/Softwares/omplapp/build/Release/lib/_util.so" />
			<Add directory="/home/saurav/Research/Softwares/omplapp/build/Release/lib" />
		</Linker>
		<Unit filename="FIRMOMPL.h" />
		<Unit filename="Tests.h" />
		<Unit filename="include/ActuationSystems/ActuationSystemMethod.h" />
		<Unit filename="include/ActuationSystems/SimulatedActuationSystem.h" />
		<Unit filename="include/Controllers/Controller.h" />
		<Unit filename="include/Filters/ExtendedKF.h" />
		<Unit filename="include/Filters/KalmanFilterMethod.h" />
		<Unit filename="include/Filters/dare.h" />
		<Unit filename="include/LinearSystem/LinearSystem.h" />
		<Unit filename="include/MotionModels/MotionModelMethod.h" />
		<Unit filename="include/MotionModels/UnicycleMotionModel.h" />
		<Unit filename="include/ObservationModels/CamAruco2DObservationModel.h" />
		<Unit filename="include/ObservationModels/ObservationModelMethod.h" />
		<Unit filename="include/Planner/FIRM.h" />
		<Unit filename="include/Samplers/GaussianValidBeliefSampler.h" />
		<Unit filename="include/SeparatedControllers/RHCICreate.h" />
		<Unit filename="include/SeparatedControllers/SeparatedControllerMethod.h" />
		<Unit filename="include/Spaces/SE2BeliefSpace.h" />
		<Unit filename="include/Weight/FIRMWeight.h" />
		<Unit filename="main.cpp" />
		<Unit filename="src/ActuationSystems/SimulatedActuationSystem.cpp" />
		<Unit filename="src/Filters/ExtendedKF.cpp" />
		<Unit filename="src/Filters/LinearizedKF.cpp" />
		<Unit filename="src/MotionModels/UnicycleMotionModel.cpp" />
		<Unit filename="src/ObservationModels/CamAruco2DObservationModel.cpp" />
		<Unit filename="src/Planner/FIRM.cpp" />
		<Unit filename="src/Samplers/GaussianValidBeliefSampler.cpp" />
		<Unit filename="src/SeparatedControllers/RHCICreate.cpp" />
		<Unit filename="src/Spaces/SE2BeliefSpace.cpp" />
		<Unit filename="tinyxml/tinystr.cpp" />
		<Unit filename="tinyxml/tinystr.h" />
		<Unit filename="tinyxml/tinyxml.cpp" />
		<Unit filename="tinyxml/tinyxml.h" />
		<Unit filename="tinyxml/tinyxmlerror.cpp" />
		<Unit filename="tinyxml/tinyxmlparser.cpp" />
		<Extensions>
			<code_completion />
			<debugger />
		</Extensions>
	</Project>
</CodeBlocks_project_file>
